
Microsoft Visual Studio Solution File, Format Version 12.00
# Visual Studio Version 17
VisualStudioVersion = 17.3.32819.101
MinimumVisualStudioVersion = 10.0.40219.1
Project("{9A19103F-16F7-4668-BE54-9A1E7A4F7556}") = "DSA", "DSA\DSA.csproj", "{F4B6A400-FD7B-4F81-8EE6-7CA0E70FF064}"
EndProject
Project("{9A19103F-16F7-4668-BE54-9A1E7A4F7556}") = "TRIE", "TRIE\TRIE.csproj", "{0AEA5B0C-4DCC-4DDB-8441-23467FB7AEB5}"
EndProject
Project("{FAE04EC0-301F-11D3-BF4B-00C04F79EFBC}") = "Arrays", "Arrays\Arrays.csproj", "{52E07654-815F-4EE7-B379-ABB992F2482A}"
EndProject
Global
	GlobalSection(SolutionConfigurationPlatforms) = preSolution
		Debug|Any CPU = Debug|Any CPU
		Release|Any CPU = Release|Any CPU
	EndGlobalSection
	GlobalSection(ProjectConfigurationPlatforms) = postSolution
		{F4B6A400-FD7B-4F81-8EE6-7CA0E70FF064}.Debug|Any CPU.ActiveCfg = Debug|Any CPU
		{F4B6A400-FD7B-4F81-8EE6-7CA0E70FF064}.Debug|Any CPU.Build.0 = Debug|Any CPU
		{F4B6A400-FD7B-4F81-8EE6-7CA0E70FF064}.Release|Any CPU.ActiveCfg = Release|Any CPU
		{F4B6A400-FD7B-4F81-8EE6-7CA0E70FF064}.Release|Any CPU.Build.0 = Release|Any CPU
		{0AEA5B0C-4DCC-4DDB-8441-23467FB7AEB5}.Debug|Any CPU.ActiveCfg = Debug|Any CPU
		{0AEA5B0C-4DCC-4DDB-8441-23467FB7AEB5}.Debug|Any CPU.Build.0 = Debug|Any CPU
		{0AEA5B0C-4DCC-4DDB-8441-23467FB7AEB5}.Release|Any CPU.ActiveCfg = Release|Any CPU
		{0AEA5B0C-4DCC-4DDB-8441-23467FB7AEB5}.Release|Any CPU.Build.0 = Release|Any CPU
		{52E07654-815F-4EE7-B379-ABB992F2482A}.Debug|Any CPU.ActiveCfg = Debug|Any CPU
		{52E07654-815F-4EE7-B379-ABB992F2482A}.Debug|Any CPU.Build.0 = Debug|Any CPU
		{52E07654-815F-4EE7-B379-ABB992F2482A}.Release|Any CPU.ActiveCfg = Release|Any CPU
		{52E07654-815F-4EE7-B379-ABB992F2482A}.Release|Any CPU.Build.0 = Release|Any CPU
	EndGlobalSection
	GlobalSection(SolutionProperties) = preSolution
		HideSolutionNode = FALSE
	EndGlobalSection
	GlobalSection(ExtensibilityGlobals) = postSolution
		SolutionGuid = {F24ACAA3-44FB-4907-BA82-75E44A8D4663}
	EndGlobalSection
EndGlobal
