
Microsoft Visual Studio Solution File, Format Version 12.00
# Visual Studio Version 17
VisualStudioVersion = 17.3.32819.101
MinimumVisualStudioVersion = 10.0.40219.1
Project("{9A19103F-16F7-4668-BE54-9A1E7A4F7556}") = "DSA", "DSA\DSA.csproj", "{F4B6A400-FD7B-4F81-8EE6-7CA0E70FF064}"
EndProject
Project("{9A19103F-16F7-4668-BE54-9A1E7A4F7556}") = "TRIE", "TRIE\TRIE.csproj", "{0AEA5B0C-4DCC-4DDB-8441-23467FB7AEB5}"
EndProject
Project("{9A19103F-16F7-4668-BE54-9A1E7A4F7556}") = "Arrays", "Arrays\Arrays.csproj", "{52E07654-815F-4EE7-B379-ABB992F2482A}"
EndProject
Project("{9A19103F-16F7-4668-BE54-9A1E7A4F7556}") = "Trees", "Trees\Trees.csproj", "{2D0AFE4D-51D9-40B3-8201-0ADC1AAE38FD}"
EndProject
Project("{9A19103F-16F7-4668-BE54-9A1E7A4F7556}") = "Greedy", "Greedy\Greedy.csproj", "{2BF62135-8005-4FF9-9159-FEFA486E88D0}"
EndProject
Project("{9A19103F-16F7-4668-BE54-9A1E7A4F7556}") = "DP", "DP\DP.csproj", "{34F82107-8677-481C-BF73-44E7AE9CED3C}"
EndProject
Project("{9A19103F-16F7-4668-BE54-9A1E7A4F7556}") = "Contest", "Contest\Contest.csproj", "{17977CC0-9B93-4768-8C38-4DACEF5F099E}"
EndProject
Project("{9A19103F-16F7-4668-BE54-9A1E7A4F7556}") = "Revision", "Revision\Revision.csproj", "{87C42FA0-A166-4399-8DBE-0D5406202888}"
EndProject
Project("{FAE04EC0-301F-11D3-BF4B-00C04F79EFBC}") = "DSASheet", "DSASheet\DSASheet.csproj", "{7A447BC5-8E17-403D-A827-EF5FBA231B99}"
EndProject
Global
	GlobalSection(SolutionConfigurationPlatforms) = preSolution
		Debug|Any CPU = Debug|Any CPU
		Release|Any CPU = Release|Any CPU
	EndGlobalSection
	GlobalSection(ProjectConfigurationPlatforms) = postSolution
		{F4B6A400-FD7B-4F81-8EE6-7CA0E70FF064}.Debug|Any CPU.ActiveCfg = Debug|Any CPU
		{F4B6A400-FD7B-4F81-8EE6-7CA0E70FF064}.Debug|Any CPU.Build.0 = Debug|Any CPU
		{F4B6A400-FD7B-4F81-8EE6-7CA0E70FF064}.Release|Any CPU.ActiveCfg = Release|Any CPU
		{F4B6A400-FD7B-4F81-8EE6-7CA0E70FF064}.Release|Any CPU.Build.0 = Release|Any CPU
		{0AEA5B0C-4DCC-4DDB-8441-23467FB7AEB5}.Debug|Any CPU.ActiveCfg = Debug|Any CPU
		{0AEA5B0C-4DCC-4DDB-8441-23467FB7AEB5}.Debug|Any CPU.Build.0 = Debug|Any CPU
		{0AEA5B0C-4DCC-4DDB-8441-23467FB7AEB5}.Release|Any CPU.ActiveCfg = Release|Any CPU
		{0AEA5B0C-4DCC-4DDB-8441-23467FB7AEB5}.Release|Any CPU.Build.0 = Release|Any CPU
		{52E07654-815F-4EE7-B379-ABB992F2482A}.Debug|Any CPU.ActiveCfg = Debug|Any CPU
		{52E07654-815F-4EE7-B379-ABB992F2482A}.Debug|Any CPU.Build.0 = Debug|Any CPU
		{52E07654-815F-4EE7-B379-ABB992F2482A}.Release|Any CPU.ActiveCfg = Release|Any CPU
		{52E07654-815F-4EE7-B379-ABB992F2482A}.Release|Any CPU.Build.0 = Release|Any CPU
		{2D0AFE4D-51D9-40B3-8201-0ADC1AAE38FD}.Debug|Any CPU.ActiveCfg = Debug|Any CPU
		{2D0AFE4D-51D9-40B3-8201-0ADC1AAE38FD}.Debug|Any CPU.Build.0 = Debug|Any CPU
		{2D0AFE4D-51D9-40B3-8201-0ADC1AAE38FD}.Release|Any CPU.ActiveCfg = Release|Any CPU
		{2D0AFE4D-51D9-40B3-8201-0ADC1AAE38FD}.Release|Any CPU.Build.0 = Release|Any CPU
		{2BF62135-8005-4FF9-9159-FEFA486E88D0}.Debug|Any CPU.ActiveCfg = Debug|Any CPU
		{2BF62135-8005-4FF9-9159-FEFA486E88D0}.Debug|Any CPU.Build.0 = Debug|Any CPU
		{2BF62135-8005-4FF9-9159-FEFA486E88D0}.Release|Any CPU.ActiveCfg = Release|Any CPU
		{2BF62135-8005-4FF9-9159-FEFA486E88D0}.Release|Any CPU.Build.0 = Release|Any CPU
		{34F82107-8677-481C-BF73-44E7AE9CED3C}.Debug|Any CPU.ActiveCfg = Debug|Any CPU
		{34F82107-8677-481C-BF73-44E7AE9CED3C}.Debug|Any CPU.Build.0 = Debug|Any CPU
		{34F82107-8677-481C-BF73-44E7AE9CED3C}.Release|Any CPU.ActiveCfg = Release|Any CPU
		{34F82107-8677-481C-BF73-44E7AE9CED3C}.Release|Any CPU.Build.0 = Release|Any CPU
		{17977CC0-9B93-4768-8C38-4DACEF5F099E}.Debug|Any CPU.ActiveCfg = Debug|Any CPU
		{17977CC0-9B93-4768-8C38-4DACEF5F099E}.Debug|Any CPU.Build.0 = Debug|Any CPU
		{17977CC0-9B93-4768-8C38-4DACEF5F099E}.Release|Any CPU.ActiveCfg = Release|Any CPU
		{17977CC0-9B93-4768-8C38-4DACEF5F099E}.Release|Any CPU.Build.0 = Release|Any CPU
		{87C42FA0-A166-4399-8DBE-0D5406202888}.Debug|Any CPU.ActiveCfg = Debug|Any CPU
		{87C42FA0-A166-4399-8DBE-0D5406202888}.Debug|Any CPU.Build.0 = Debug|Any CPU
		{87C42FA0-A166-4399-8DBE-0D5406202888}.Release|Any CPU.ActiveCfg = Release|Any CPU
		{87C42FA0-A166-4399-8DBE-0D5406202888}.Release|Any CPU.Build.0 = Release|Any CPU
		{7A447BC5-8E17-403D-A827-EF5FBA231B99}.Debug|Any CPU.ActiveCfg = Debug|Any CPU
		{7A447BC5-8E17-403D-A827-EF5FBA231B99}.Debug|Any CPU.Build.0 = Debug|Any CPU
		{7A447BC5-8E17-403D-A827-EF5FBA231B99}.Release|Any CPU.ActiveCfg = Release|Any CPU
		{7A447BC5-8E17-403D-A827-EF5FBA231B99}.Release|Any CPU.Build.0 = Release|Any CPU
	EndGlobalSection
	GlobalSection(SolutionProperties) = preSolution
		HideSolutionNode = FALSE
	EndGlobalSection
	GlobalSection(ExtensibilityGlobals) = postSolution
		SolutionGuid = {F24ACAA3-44FB-4907-BA82-75E44A8D4663}
	EndGlobalSection
EndGlobal
